
Microsoft Visual Studio Solution File, Format Version 12.00
# Visual Studio Version 16
VisualStudioVersion = 16.0.32901.82
MinimumVisualStudioVersion = 10.0.40219.1
Project("{FAE04EC0-301F-11D3-BF4B-00C04F79EFBC}") = "Performance_Employee", "Performance_Employee.csproj", "{620710BA-5BE1-41F0-BA36-DD65A7F0E897}"
EndProject
Global
	GlobalSection(SolutionConfigurationPlatforms) = preSolution
		Debug|Any CPU = Debug|Any CPU
		Release|Any CPU = Release|Any CPU
	EndGlobalSection
	GlobalSection(ProjectConfigurationPlatforms) = postSolution
		{620710BA-5BE1-41F0-BA36-DD65A7F0E897}.Debug|Any CPU.ActiveCfg = Debug|Any CPU
		{620710BA-5BE1-41F0-BA36-DD65A7F0E897}.Debug|Any CPU.Build.0 = Debug|Any CPU
		{620710BA-5BE1-41F0-BA36-DD65A7F0E897}.Release|Any CPU.ActiveCfg = Release|Any CPU
		{620710BA-5BE1-41F0-BA36-DD65A7F0E897}.Release|Any CPU.Build.0 = Release|Any CPU
	EndGlobalSection
	GlobalSection(SolutionProperties) = preSolution
		HideSolutionNode = FALSE
	EndGlobalSection
	GlobalSection(ExtensibilityGlobals) = postSolution
		SolutionGuid = {1E019344-A38C-4BFE-BB86-06BAEAF8A1C1}
	EndGlobalSection
EndGlobal
